
Microsoft Visual Studio Solution File, Format Version 12.00
# Visual Studio 14
VisualStudioVersion = 14.0.24720.0
MinimumVisualStudioVersion = 10.0.40219.1
Project("{FAE04EC0-301F-11D3-BF4B-00C04F79EFBC}") = "BoatClubRegistry", "BoatClubRegistry.csproj", "{F42F22C7-45A1-449C-A370-E2AFAD733B76}"
EndProject
Global
	GlobalSection(SolutionConfigurationPlatforms) = preSolution
		Debug|Any CPU = Debug|Any CPU
		Release|Any CPU = Release|Any CPU
	EndGlobalSection
	GlobalSection(ProjectConfigurationPlatforms) = postSolution
		{F42F22C7-45A1-449C-A370-E2AFAD733B76}.Debug|Any CPU.ActiveCfg = Debug|Any CPU
		{F42F22C7-45A1-449C-A370-E2AFAD733B76}.Debug|Any CPU.Build.0 = Debug|Any CPU
		{F42F22C7-45A1-449C-A370-E2AFAD733B76}.Release|Any CPU.ActiveCfg = Release|Any CPU
		{F42F22C7-45A1-449C-A370-E2AFAD733B76}.Release|Any CPU.Build.0 = Release|Any CPU
	EndGlobalSection
	GlobalSection(SolutionProperties) = preSolution
		HideSolutionNode = FALSE
	EndGlobalSection
EndGlobal
